{
  "name": "iitm-ts-rest-issue",
  "version": "1.0.0",
  "lockfileVersion": 3,
  "requires": true,
  "packages": {
    "": {
      "name": "iitm-ts-rest-issue",
      "version": "1.0.0",
      "dependencies": {
        "@ts-rest/core": "^3.45.2",
        "import-in-the-middle": "^1.8.0"
      }
    },
    "node_modules/@ts-rest/core": {
      "version": "3.45.2",
      "resolved": "https://hqnexusbss.avp.ru:8443/repository/npm-group/@ts-rest/core/-/core-3.45.2.tgz",
      "integrity": "sha512-Eiv+Sa23MbsAd1Gx9vNJ+IFCDyLZNdJ+UuGMKbFvb+/NmgcBR1VL1UIVtEkd5DJxpYMMd8SLvW91RgB2TS8iPw==",
      "license": "MIT",
      "peerDependencies": {
        "zod": "^3.22.3"
      },
      "peerDependenciesMeta": {
        "zod": {
          "optional": true
        }
      }
    },
    "node_modules/acorn": {
      "version": "8.12.0",
      "resolved": "https://hqnexusbss.avp.ru:8443/repository/npm-group/acorn/-/acorn-8.12.0.tgz",
      "integrity": "sha512-RTvkC4w+KNXrM39/lWCUaG0IbRkWdCv7W/IOW9oU6SawyxulvkQy5HQPVTKxEjczcUvapcrw3cFx/60VN/NRNw==",
      "license": "MIT",
      "bin": {
        "acorn": "bin/acorn"
      },
      "engines": {
        "node": ">=0.4.0"
      }
    },
    "node_modules/acorn-import-attributes": {
      "version": "1.9.5",
      "resolved": "https://hqnexusbss.avp.ru:8443/repository/npm-group/acorn-import-attributes/-/acorn-import-attributes-1.9.5.tgz",
      "integrity": "sha512-n02Vykv5uA3eHGM/Z2dQrcD56kL8TyDb2p1+0P83PClMnC/nc+anbQRhIOWnSq4Ke/KvDPrY3C9hDtC/A3eHnQ==",
      "license": "MIT",
      "peerDependencies": {
        "acorn": "^8"
      }
    },
    "node_modules/cjs-module-lexer": {
      "version": "1.3.1",
      "resolved": "https://hqnexusbss.avp.ru:8443/repository/npm-group/cjs-module-lexer/-/cjs-module-lexer-1.3.1.tgz",
      "integrity": "sha512-a3KdPAANPbNE4ZUv9h6LckSl9zLsYOP4MBmhIPkRaeyybt+r4UghLvq+xw/YwUcC1gqylCkL4rdVs3Lwupjm4Q==",
      "license": "MIT"
    },
    "node_modules/import-in-the-middle": {
      "version": "1.8.0",
      "resolved": "https://hqnexusbss.avp.ru:8443/repository/npm-group/import-in-the-middle/-/import-in-the-middle-1.8.0.tgz",
      "integrity": "sha512-/xQjze8szLNnJ5rvHSzn+dcVXqCAU6Plbk4P24U/jwPmg1wy7IIp9OjKIO5tYue8GSPhDpPDiApQjvBUmWwhsQ==",
      "license": "Apache-2.0",
      "dependencies": {
        "acorn": "^8.8.2",
        "acorn-import-attributes": "^1.9.5",
        "cjs-module-lexer": "^1.2.2",
        "module-details-from-path": "^1.0.3"
      }
    },
    "node_modules/module-details-from-path": {
      "version": "1.0.3",
      "resolved": "https://hqnexusbss.avp.ru:8443/repository/npm-group/module-details-from-path/-/module-details-from-path-1.0.3.tgz",
      "integrity": "sha512-ySViT69/76t8VhE1xXHK6Ch4NcDd26gx0MzKXLO+F7NOtnqH68d9zF94nT8ZWSxXh8ELOERsnJO/sWt1xZYw5A==",
      "license": "MIT"
    },
    "workspaces/backend": {
      "version": "1.0.0",
      "extraneous": true,
      "license": "ISC",
      "dependencies": {
        "contracts": "^1.0.0",
        "import-in-the-middle": "^1.8.0"
      }
    },
    "workspaces/contracts": {
      "version": "1.0.0",
      "extraneous": true,
      "license": "ISC",
      "dependencies": {
        "@ts-rest/core": "^3.45.2"
      }
    }
  }
}
